
Microsoft Visual Studio Solution File, Format Version 12.00
# Visual Studio Version 16
VisualStudioVersion = 16.0.30523.141
MinimumVisualStudioVersion = 10.0.40219.1
Project("{FAE04EC0-301F-11D3-BF4B-00C04F79EFBC}") = "calculator", "calculator.csproj", "{EF91D989-B83C-4D61-BB1C-52052622171E}"
EndProject
Global
	GlobalSection(SolutionConfigurationPlatforms) = preSolution
		Debug|Any CPU = Debug|Any CPU
		Release|Any CPU = Release|Any CPU
	EndGlobalSection
	GlobalSection(ProjectConfigurationPlatforms) = postSolution
		{EF91D989-B83C-4D61-BB1C-52052622171E}.Debug|Any CPU.ActiveCfg = Debug|Any CPU
		{EF91D989-B83C-4D61-BB1C-52052622171E}.Debug|Any CPU.Build.0 = Debug|Any CPU
		{EF91D989-B83C-4D61-BB1C-52052622171E}.Release|Any CPU.ActiveCfg = Release|Any CPU
		{EF91D989-B83C-4D61-BB1C-52052622171E}.Release|Any CPU.Build.0 = Release|Any CPU
	EndGlobalSection
	GlobalSection(SolutionProperties) = preSolution
		HideSolutionNode = FALSE
	EndGlobalSection
	GlobalSection(ExtensibilityGlobals) = postSolution
		SolutionGuid = {4BEEA228-BF7C-4D2C-8F6D-1C4D4068786C}
	EndGlobalSection
EndGlobal
